# Generated by buf. DO NOT EDIT.
version: v1
deps:
  - remote: buf.build
    owner: gimletlabs
    repository: tensorflow
    commit: 3799692af04142ca8b74619992dfeb76
    digest: shake256:5d685580b42e27d0b8a95ec69f6854bcc2e29d717b9d991893438648b6dd3e47e6d69e964b9b74b02c0f978aa459754a9bb39145eb089282d05ab156f6ae7e80
